
Microsoft Visual Studio Solution File, Format Version 12.00
# Visual Studio Version 17
VisualStudioVersion = 17.4.33110.190
MinimumVisualStudioVersion = 10.0.40219.1
Project("{FAE04EC0-301F-11D3-BF4B-00C04F79EFBC}") = "Ex06", "Ex06\Ex06.csproj", "{F19B65F3-EE4E-4455-AC77-65E673B12C51}"
EndProject
Global
	GlobalSection(SolutionConfigurationPlatforms) = preSolution
		Debug|Any CPU = Debug|Any CPU
		Release|Any CPU = Release|Any CPU
	EndGlobalSection
	GlobalSection(ProjectConfigurationPlatforms) = postSolution
		{F19B65F3-EE4E-4455-AC77-65E673B12C51}.Debug|Any CPU.ActiveCfg = Debug|Any CPU
		{F19B65F3-EE4E-4455-AC77-65E673B12C51}.Debug|Any CPU.Build.0 = Debug|Any CPU
		{F19B65F3-EE4E-4455-AC77-65E673B12C51}.Release|Any CPU.ActiveCfg = Release|Any CPU
		{F19B65F3-EE4E-4455-AC77-65E673B12C51}.Release|Any CPU.Build.0 = Release|Any CPU
	EndGlobalSection
	GlobalSection(SolutionProperties) = preSolution
		HideSolutionNode = FALSE
	EndGlobalSection
	GlobalSection(ExtensibilityGlobals) = postSolution
		SolutionGuid = {6D454E68-53EE-4274-A92F-5129DD072B18}
	EndGlobalSection
EndGlobal
