
Microsoft Visual Studio Solution File, Format Version 12.00
# Visual Studio Version 17
VisualStudioVersion = 17.4.33110.190
MinimumVisualStudioVersion = 10.0.40219.1
Project("{FAE04EC0-301F-11D3-BF4B-00C04F79EFBC}") = "Ex04", "Ex04\Ex04.csproj", "{84D63804-2395-43BA-A7FF-B1054EAA602F}"
EndProject
Global
	GlobalSection(SolutionConfigurationPlatforms) = preSolution
		Debug|Any CPU = Debug|Any CPU
		Release|Any CPU = Release|Any CPU
	EndGlobalSection
	GlobalSection(ProjectConfigurationPlatforms) = postSolution
		{84D63804-2395-43BA-A7FF-B1054EAA602F}.Debug|Any CPU.ActiveCfg = Debug|Any CPU
		{84D63804-2395-43BA-A7FF-B1054EAA602F}.Debug|Any CPU.Build.0 = Debug|Any CPU
		{84D63804-2395-43BA-A7FF-B1054EAA602F}.Release|Any CPU.ActiveCfg = Release|Any CPU
		{84D63804-2395-43BA-A7FF-B1054EAA602F}.Release|Any CPU.Build.0 = Release|Any CPU
	EndGlobalSection
	GlobalSection(SolutionProperties) = preSolution
		HideSolutionNode = FALSE
	EndGlobalSection
	GlobalSection(ExtensibilityGlobals) = postSolution
		SolutionGuid = {560CBBAD-D4AE-45EC-BD2D-D233B134E01F}
	EndGlobalSection
EndGlobal
